{
  "originHash" : "5ed09f8d2dd6894dce9b65639af3519b5a94332d22452f4fb84cc18133e79187",
  "pins" : [
    {
      "identity" : "aws-crt-swift",
      "kind" : "remoteSourceControl",
      "location" : "https://github.com/awslabs/aws-crt-swift.git",
      "state" : {
        "branch" : "secitem_bindings",
        "revision" : "6e34fc85885b458f150703f0dfade7a75b0dd49b"
      }
    }
  ],
  "version" : 3
}
