{
  "originHash" : "8724465422656128c28c6068caa673e38e90c5e340df9e7f7c3d37e269a65835",
  "pins" : [
    {
      "identity" : "aws-crt-swift",
      "kind" : "remoteSourceControl",
      "location" : "https://github.com/awslabs/aws-crt-swift.git",
      "state" : {
        "branch" : "secitem_bindings",
        "revision" : "6e34fc85885b458f150703f0dfade7a75b0dd49b"
      }
    }
  ],
  "version" : 3
}
